{
  "requires": true,
  "lockfileVersion": 1,
  "dependencies": {
    "types-registry": {
      "version": "0.1.677",
      "resolved": "https://registry.npmjs.org/types-registry/-/types-registry-0.1.677.tgz",
      "integrity": "sha512-i7PXe/06LN7WwNJh3zxjcoK0EjR9am71ELc8ACKlN2dGYbaPrv7WaIqsY80mljXddXf4EzOuLvzBDAA9SfKW5A=="
    }
  }
}
